// !$*UTF8*$!
{
	archiveVersion = 1;
	classes = {
	};
	objectVersion = 55;
	objects = {

/* Begin PBXBuildFile section */
		259A995727D38DFE008E1398 /* QuickOperator.swift in Sources */ = {isa = PBXBuildFile; fileRef = 259A995627D38DFE008E1398 /* QuickOperator.swift */; };
		25B1801C27C3921000B7F120 /* JLog.swift in Sources */ = {isa = PBXBuildFile; fileRef = 25B1801B27C3921000B7F120 /* JLog.swift */; };
		7401415A27C1B623002A6EFC /* MainVC.swift in Sources */ = {isa = PBXBuildFile; fileRef = 7401415927C1B623002A6EFC /* MainVC.swift */; };
		74C18E4127C196D700666E8E /* AppDelegate.swift in Sources */ = {isa = PBXBuildFile; fileRef = 74C18E4027C196D700666E8E /* AppDelegate.swift */; };
		74C18E4327C196D700666E8E /* SceneDelegate.swift in Sources */ = {isa = PBXBuildFile; fileRef = 74C18E4227C196D700666E8E /* SceneDelegate.swift */; };
		74C18E4827C196D700666E8E /* Main.storyboard in Resources */ = {isa = PBXBuildFile; fileRef = 74C18E4627C196D700666E8E /* Main.storyboard */; };
		74C18E4A27C196D800666E8E /* Assets.xcassets in Resources */ = {isa = PBXBuildFile; fileRef = 74C18E4927C196D800666E8E /* Assets.xcassets */; };
		74C18E4D27C196D800666E8E /* LaunchScreen.storyboard in Resources */ = {isa = PBXBuildFile; fileRef = 74C18E4B27C196D800666E8E /* LaunchScreen.storyboard */; };
		74C18E5827C196D800666E8E /* QuickCalculatorTests.swift in Sources */ = {isa = PBXBuildFile; fileRef = 74C18E5727C196D800666E8E /* QuickCalculatorTests.swift */; };
		74C18E6227C196D800666E8E /* QuickCalculatorUITests.swift in Sources */ = {isa = PBXBuildFile; fileRef = 74C18E6127C196D800666E8E /* QuickCalculatorUITests.swift */; };
		74C18E6427C196D800666E8E /* QuickCalculatorUITestsLaunchTests.swift in Sources */ = {isa = PBXBuildFile; fileRef = 74C18E6327C196D800666E8E /* QuickCalculatorUITestsLaunchTests.swift */; };
/* End PBXBuildFile section */

/* Begin PBXContainerItemProxy section */
		74C18E5427C196D800666E8E /* PBXContainerItemProxy */ = {
			isa = PBXContainerItemProxy;
			containerPortal = 74C18E3527C196D600666E8E /* Project object */;
			proxyType = 1;
			remoteGlobalIDString = 74C18E3C27C196D700666E8E;
			remoteInfo = QuickCalculator;
		};
		74C18E5E27C196D800666E8E /* PBXContainerItemProxy */ = {
			isa = PBXContainerItemProxy;
			containerPortal = 74C18E3527C196D600666E8E /* Project object */;
			proxyType = 1;
			remoteGlobalIDString = 74C18E3C27C196D700666E8E;
			remoteInfo = QuickCalculator;
		};
/* End PBXContainerItemProxy section */

/* Begin PBXFileReference section */
		259A995627D38DFE008E1398 /* QuickOperator.swift */ = {isa = PBXFileReference; lastKnownFileType = sourcecode.swift; path = QuickOperator.swift; sourceTree = "<group>"; };
		25B1801B27C3921000B7F120 /* JLog.swift */ = {isa = PBXFileReference; lastKnownFileType = sourcecode.swift; path = JLog.swift; sourceTree = "<group>"; };
		7401415927C1B623002A6EFC /* MainVC.swift */ = {isa = PBXFileReference; lastKnownFileType = sourcecode.swift; path = MainVC.swift; sourceTree = "<group>"; };
		74C18E3D27C196D700666E8E /* QuickCalculator.app */ = {isa = PBXFileReference; explicitFileType = wrapper.application; includeInIndex = 0; path = QuickCalculator.app; sourceTree = BUILT_PRODUCTS_DIR; };
		74C18E4027C196D700666E8E /* AppDelegate.swift */ = {isa = PBXFileReference; lastKnownFileType = sourcecode.swift; path = AppDelegate.swift; sourceTree = "<group>"; };
		74C18E4227C196D700666E8E /* SceneDelegate.swift */ = {isa = PBXFileReference; lastKnownFileType = sourcecode.swift; path = SceneDelegate.swift; sourceTree = "<group>"; };
		74C18E4727C196D700666E8E /* Base */ = {isa = PBXFileReference; lastKnownFileType = file.storyboard; name = Base; path = Base.lproj/Main.storyboard; sourceTree = "<group>"; };
		74C18E4927C196D800666E8E /* Assets.xcassets */ = {isa = PBXFileReference; lastKnownFileType = folder.assetcatalog; path = Assets.xcassets; sourceTree = "<group>"; };
		74C18E4C27C196D800666E8E /* Base */ = {isa = PBXFileReference; lastKnownFileType = file.storyboard; name = Base; path = Base.lproj/LaunchScreen.storyboard; sourceTree = "<group>"; };
		74C18E4E27C196D800666E8E /* Info.plist */ = {isa = PBXFileReference; lastKnownFileType = text.plist.xml; path = Info.plist; sourceTree = "<group>"; };
		74C18E5327C196D800666E8E /* QuickCalculatorTests.xctest */ = {isa = PBXFileReference; explicitFileType = wrapper.cfbundle; includeInIndex = 0; path = QuickCalculatorTests.xctest; sourceTree = BUILT_PRODUCTS_DIR; };
		74C18E5727C196D800666E8E /* QuickCalculatorTests.swift */ = {isa = PBXFileReference; lastKnownFileType = sourcecode.swift; path = QuickCalculatorTests.swift; sourceTree = "<group>"; };
		74C18E5D27C196D800666E8E /* QuickCalculatorUITests.xctest */ = {isa = PBXFileReference; explicitFileType = wrapper.cfbundle; includeInIndex = 0; path = QuickCalculatorUITests.xctest; sourceTree = BUILT_PRODUCTS_DIR; };
		74C18E6127C196D800666E8E /* QuickCalculatorUITests.swift */ = {isa = PBXFileReference; lastKnownFileType = sourcecode.swift; path = QuickCalculatorUITests.swift; sourceTree = "<group>"; };
		74C18E6327C196D800666E8E /* QuickCalculatorUITestsLaunchTests.swift */ = {isa = PBXFileReference; lastKnownFileType = sourcecode.swift; path = QuickCalculatorUITestsLaunchTests.swift; sourceTree = "<group>"; };
/* End PBXFileReference section */

/* Begin PBXFrameworksBuildPhase section */
		74C18E3A27C196D700666E8E /* Frameworks */ = {
			isa = PBXFrameworksBuildPhase;
			buildActionMask = 2147483647;
			files = (
			);
			runOnlyForDeploymentPostprocessing = 0;
		};
		74C18E5027C196D800666E8E /* Frameworks */ = {
			isa = PBXFrameworksBuildPhase;
			buildActionMask = 2147483647;
			files = (
			);
			runOnlyForDeploymentPostprocessing = 0;
		};
		74C18E5A27C196D800666E8E /* Frameworks */ = {
			isa = PBXFrameworksBuildPhase;
			buildActionMask = 2147483647;
			files = (
			);
			runOnlyForDeploymentPostprocessing = 0;
		};
/* End PBXFrameworksBuildPhase section */

/* Begin PBXGroup section */
		259F67F527CA6D16000F6C6B /* Utilities */ = {
			isa = PBXGroup;
			children = (
				25B1801B27C3921000B7F120 /* JLog.swift */,
			);
			path = Utilities;
			sourceTree = "<group>";
		};
		74C18E3427C196D600666E8E = {
			isa = PBXGroup;
			children = (
				74C18E3F27C196D700666E8E /* QuickCalculator */,
				74C18E5627C196D800666E8E /* QuickCalculatorTests */,
				74C18E6027C196D800666E8E /* QuickCalculatorUITests */,
				74C18E3E27C196D700666E8E /* Products */,
			);
			sourceTree = "<group>";
		};
		74C18E3E27C196D700666E8E /* Products */ = {
			isa = PBXGroup;
			children = (
				74C18E3D27C196D700666E8E /* QuickCalculator.app */,
				74C18E5327C196D800666E8E /* QuickCalculatorTests.xctest */,
				74C18E5D27C196D800666E8E /* QuickCalculatorUITests.xctest */,
			);
			name = Products;
			sourceTree = "<group>";
		};
		74C18E3F27C196D700666E8E /* QuickCalculator */ = {
			isa = PBXGroup;
			children = (
				259F67F527CA6D16000F6C6B /* Utilities */,
				74C18E4027C196D700666E8E /* AppDelegate.swift */,
				74C18E4227C196D700666E8E /* SceneDelegate.swift */,
				7401415927C1B623002A6EFC /* MainVC.swift */,
				259A995627D38DFE008E1398 /* QuickOperator.swift */,
				74C18E4627C196D700666E8E /* Main.storyboard */,
				74C18E4927C196D800666E8E /* Assets.xcassets */,
				74C18E4B27C196D800666E8E /* LaunchScreen.storyboard */,
				74C18E4E27C196D800666E8E /* Info.plist */,
			);
			path = QuickCalculator;
			sourceTree = "<group>";
		};
		74C18E5627C196D800666E8E /* QuickCalculatorTests */ = {
			isa = PBXGroup;
			children = (
				74C18E5727C196D800666E8E /* QuickCalculatorTests.swift */,
			);
			path = QuickCalculatorTests;
			sourceTree = "<group>";
		};
		74C18E6027C196D800666E8E /* QuickCalculatorUITests */ = {
			isa = PBXGroup;
			children = (
				74C18E6127C196D800666E8E /* QuickCalculatorUITests.swift */,
				74C18E6327C196D800666E8E /* QuickCalculatorUITestsLaunchTests.swift */,
			);
			path = QuickCalculatorUITests;
			sourceTree = "<group>";
		};
/* End PBXGroup section */

/* Begin PBXNativeTarget section */
		74C18E3C27C196D700666E8E /* QuickCalculator */ = {
			isa = PBXNativeTarget;
			buildConfigurationList = 74C18E6727C196D800666E8E /* Build configuration list for PBXNativeTarget "QuickCalculator" */;
			buildPhases = (
				74C18E3927C196D700666E8E /* Sources */,
				74C18E3A27C196D700666E8E /* Frameworks */,
				74C18E3B27C196D700666E8E /* Resources */,
			);
			buildRules = (
			);
			dependencies = (
			);
			name = QuickCalculator;
			productName = QuickCalculator;
			productReference = 74C18E3D27C196D700666E8E /* QuickCalculator.app */;
			productType = "com.apple.product-type.application";
		};
		74C18E5227C196D800666E8E /* QuickCalculatorTests */ = {
			isa = PBXNativeTarget;
			buildConfigurationList = 74C18E6A27C196D800666E8E /* Build configuration list for PBXNativeTarget "QuickCalculatorTests" */;
			buildPhases = (
				74C18E4F27C196D800666E8E /* Sources */,
				74C18E5027C196D800666E8E /* Frameworks */,
				74C18E5127C196D800666E8E /* Resources */,
			);
			buildRules = (
			);
			dependencies = (
				74C18E5527C196D800666E8E /* PBXTargetDependency */,
			);
			name = QuickCalculatorTests;
			productName = QuickCalculatorTests;
			productReference = 74C18E5327C196D800666E8E /* QuickCalculatorTests.xctest */;
			productType = "com.apple.product-type.bundle.unit-test";
		};
		74C18E5C27C196D800666E8E /* QuickCalculatorUITests */ = {
			isa = PBXNativeTarget;
			buildConfigurationList = 74C18E6D27C196D800666E8E /* Build configuration list for PBXNativeTarget "QuickCalculatorUITests" */;
			buildPhases = (
				74C18E5927C196D800666E8E /* Sources */,
				74C18E5A27C196D800666E8E /* Frameworks */,
				74C18E5B27C196D800666E8E /* Resources */,
			);
			buildRules = (
			);
			dependencies = (
				74C18E5F27C196D800666E8E /* PBXTargetDependency */,
			);
			name = QuickCalculatorUITests;
			productName = QuickCalculatorUITests;
			productReference = 74C18E5D27C196D800666E8E /* QuickCalculatorUITests.xctest */;
			productType = "com.apple.product-type.bundle.ui-testing";
		};
/* End PBXNativeTarget section */

/* Begin PBXProject section */
		74C18E3527C196D600666E8E /* Project object */ = {
			isa = PBXProject;
			attributes = {
				BuildIndependentTargetsInParallel = 1;
				LastSwiftUpdateCheck = 1310;
				LastUpgradeCheck = 1310;
				TargetAttributes = {
					74C18E3C27C196D700666E8E = {
						CreatedOnToolsVersion = 13.1;
					};
					74C18E5227C196D800666E8E = {
						CreatedOnToolsVersion = 13.1;
						TestTargetID = 74C18E3C27C196D700666E8E;
					};
					74C18E5C27C196D800666E8E = {
						CreatedOnToolsVersion = 13.1;
						TestTargetID = 74C18E3C27C196D700666E8E;
					};
				};
			};
			buildConfigurationList = 74C18E3827C196D600666E8E /* Build configuration list for PBXProject "QuickCalculator" */;
			compatibilityVersion = "Xcode 13.0";
			developmentRegion = en;
			hasScannedForEncodings = 0;
			knownRegions = (
				en,
				Base,
			);
			mainGroup = 74C18E3427C196D600666E8E;
			productRefGroup = 74C18E3E27C196D700666E8E /* Products */;
			projectDirPath = "";
			projectRoot = "";
			targets = (
				74C18E3C27C196D700666E8E /* QuickCalculator */,
				74C18E5227C196D800666E8E /* QuickCalculatorTests */,
				74C18E5C27C196D800666E8E /* QuickCalculatorUITests */,
			);
		};
/* End PBXProject section */

/* Begin PBXResourcesBuildPhase section */
		74C18E3B27C196D700666E8E /* Resources */ = {
			isa = PBXResourcesBuildPhase;
			buildActionMask = 2147483647;
			files = (
				74C18E4D27C196D800666E8E /* LaunchScreen.storyboard in Resources */,
				74C18E4A27C196D800666E8E /* Assets.xcassets in Resources */,
				74C18E4827C196D700666E8E /* Main.storyboard in Resources */,
			);
			runOnlyForDeploymentPostprocessing = 0;
		};
		74C18E5127C196D800666E8E /* Resources */ = {
			isa = PBXResourcesBuildPhase;
			buildActionMask = 2147483647;
			files = (
			);
			runOnlyForDeploymentPostprocessing = 0;
		};
		74C18E5B27C196D800666E8E /* Resources */ = {
			isa = PBXResourcesBuildPhase;
			buildActionMask = 2147483647;
			files = (
			);
			runOnlyForDeploymentPostprocessing = 0;
		};
/* End PBXResourcesBuildPhase section */

/* Begin PBXSourcesBuildPhase section */
		74C18E3927C196D700666E8E /* Sources */ = {
			isa = PBXSourcesBuildPhase;
			buildActionMask = 2147483647;
			files = (
				7401415A27C1B623002A6EFC /* MainVC.swift in Sources */,
				74C18E4127C196D700666E8E /* AppDelegate.swift in Sources */,
				259A995727D38DFE008E1398 /* QuickOperator.swift in Sources */,
				74C18E4327C196D700666E8E /* SceneDelegate.swift in Sources */,
				25B1801C27C3921000B7F120 /* JLog.swift in Sources */,
			);
			runOnlyForDeploymentPostprocessing = 0;
		};
		74C18E4F27C196D800666E8E /* Sources */ = {
			isa = PBXSourcesBuildPhase;
			buildActionMask = 2147483647;
			files = (
				74C18E5827C196D800666E8E /* QuickCalculatorTests.swift in Sources */,
			);
			runOnlyForDeploymentPostprocessing = 0;
		};
		74C18E5927C196D800666E8E /* Sources */ = {
			isa = PBXSourcesBuildPhase;
			buildActionMask = 2147483647;
			files = (
				74C18E6427C196D800666E8E /* QuickCalculatorUITestsLaunchTests.swift in Sources */,
				74C18E6227C196D800666E8E /* QuickCalculatorUITests.swift in Sources */,
			);
			runOnlyForDeploymentPostprocessing = 0;
		};
/* End PBXSourcesBuildPhase section */

/* Begin PBXTargetDependency section */
		74C18E5527C196D800666E8E /* PBXTargetDependency */ = {
			isa = PBXTargetDependency;
			target = 74C18E3C27C196D700666E8E /* QuickCalculator */;
			targetProxy = 74C18E5427C196D800666E8E /* PBXContainerItemProxy */;
		};
		74C18E5F27C196D800666E8E /* PBXTargetDependency */ = {
			isa = PBXTargetDependency;
			target = 74C18E3C27C196D700666E8E /* QuickCalculator */;
			targetProxy = 74C18E5E27C196D800666E8E /* PBXContainerItemProxy */;
		};
/* End PBXTargetDependency section */

/* Begin PBXVariantGroup section */
		74C18E4627C196D700666E8E /* Main.storyboard */ = {
			isa = PBXVariantGroup;
			children = (
				74C18E4727C196D700666E8E /* Base */,
			);
			name = Main.storyboard;
			sourceTree = "<group>";
		};
		74C18E4B27C196D800666E8E /* LaunchScreen.storyboard */ = {
			isa = PBXVariantGroup;
			children = (
				74C18E4C27C196D800666E8E /* Base */,
			);
			name = LaunchScreen.storyboard;
			sourceTree = "<group>";
		};
/* End PBXVariantGroup section */

/* Begin XCBuildConfiguration section */
		74C18E6527C196D800666E8E /* Debug */ = {
			isa = XCBuildConfiguration;
			buildSettings = {
				ALWAYS_SEARCH_USER_PATHS = NO;
				CLANG_ANALYZER_NONNULL = YES;
				CLANG_ANALYZER_NUMBER_OBJECT_CONVERSION = YES_AGGRESSIVE;
				CLANG_CXX_LANGUAGE_STANDARD = "gnu++17";
				CLANG_CXX_LIBRARY = "libc++";
				CLANG_ENABLE_MODULES = YES;
				CLANG_ENABLE_OBJC_ARC = YES;
				CLANG_ENABLE_OBJC_WEAK = YES;
				CLANG_WARN_BLOCK_CAPTURE_AUTORELEASING = YES;
				CLANG_WARN_BOOL_CONVERSION = YES;
				CLANG_WARN_COMMA = YES;
				CLANG_WARN_CONSTANT_CONVERSION = YES;
				CLANG_WARN_DEPRECATED_OBJC_IMPLEMENTATIONS = YES;
				CLANG_WARN_DIRECT_OBJC_ISA_USAGE = YES_ERROR;
				CLANG_WARN_DOCUMENTATION_COMMENTS = YES;
				CLANG_WARN_EMPTY_BODY = YES;
				CLANG_WARN_ENUM_CONVERSION = YES;
				CLANG_WARN_INFINITE_RECURSION = YES;
				CLANG_WARN_INT_CONVERSION = YES;
				CLANG_WARN_NON_LITERAL_NULL_CONVERSION = YES;
				CLANG_WARN_OBJC_IMPLICIT_RETAIN_SELF = YES;
				CLANG_WARN_OBJC_LITERAL_CONVERSION = YES;
				CLANG_WARN_OBJC_ROOT_CLASS = YES_ERROR;
				CLANG_WARN_QUOTED_INCLUDE_IN_FRAMEWORK_HEADER = YES;
				CLANG_WARN_RANGE_LOOP_ANALYSIS = YES;
				CLANG_WARN_STRICT_PROTOTYPES = YES;
				CLANG_WARN_SUSPICIOUS_MOVE = YES;
				CLANG_WARN_UNGUARDED_AVAILABILITY = YES_AGGRESSIVE;
				CLANG_WARN_UNREACHABLE_CODE = YES;
				CLANG_WARN__DUPLICATE_METHOD_MATCH = YES;
				COPY_PHASE_STRIP = NO;
				DEBUG_INFORMATION_FORMAT = dwarf;
				ENABLE_STRICT_OBJC_MSGSEND = YES;
				ENABLE_TESTABILITY = YES;
				GCC_C_LANGUAGE_STANDARD = gnu11;
				GCC_DYNAMIC_NO_PIC = NO;
				GCC_NO_COMMON_BLOCKS = YES;
				GCC_OPTIMIZATION_LEVEL = 0;
				GCC_PREPROCESSOR_DEFINITIONS = (
					"DEBUG=1",
					"$(inherited)",
				);
				GCC_WARN_64_TO_32_BIT_CONVERSION = YES;
				GCC_WARN_ABOUT_RETURN_TYPE = YES_ERROR;
				GCC_WARN_UNDECLARED_SELECTOR = YES;
				GCC_WARN_UNINITIALIZED_AUTOS = YES_AGGRESSIVE;
				GCC_WARN_UNUSED_FUNCTION = YES;
				GCC_WARN_UNUSED_VARIABLE = YES;
				IPHONEOS_DEPLOYMENT_TARGET = 15.0;
				MTL_ENABLE_DEBUG_INFO = INCLUDE_SOURCE;
				MTL_FAST_MATH = YES;
				ONLY_ACTIVE_ARCH = YES;
				SDKROOT = iphoneos;
				SWIFT_ACTIVE_COMPILATION_CONDITIONS = DEBUG;
				SWIFT_OPTIMIZATION_LEVEL = "-Onone";
			};
			name = Debug;
		};
		74C18E6627C196D800666E8E /* Release */ = {
			isa = XCBuildConfiguration;
			buildSettings = {
				ALWAYS_SEARCH_USER_PATHS = NO;
				CLANG_ANALYZER_NONNULL = YES;
				CLANG_ANALYZER_NUMBER_OBJECT_CONVERSION = YES_AGGRESSIVE;
				CLANG_CXX_LANGUAGE_STANDARD = "gnu++17";
				CLANG_CXX_LIBRARY = "libc++";
				CLANG_ENABLE_MODULES = YES;
				CLANG_ENABLE_OBJC_ARC = YES;
				CLANG_ENABLE_OBJC_WEAK = YES;
				CLANG_WARN_BLOCK_CAPTURE_AUTORELEASING = YES;
				CLANG_WARN_BOOL_CONVERSION = YES;
				CLANG_WARN_COMMA = YES;
				CLANG_WARN_CONSTANT_CONVERSION = YES;
				CLANG_WARN_DEPRECATED_OBJC_IMPLEMENTATIONS = YES;
				CLANG_WARN_DIRECT_OBJC_ISA_USAGE = YES_ERROR;
				CLANG_WARN_DOCUMENTATION_COMMENTS = YES;
				CLANG_WARN_EMPTY_BODY = YES;
				CLANG_WARN_ENUM_CONVERSION = YES;
				CLANG_WARN_INFINITE_RECURSION = YES;
				CLANG_WARN_INT_CONVERSION = YES;
				CLANG_WARN_NON_LITERAL_NULL_CONVERSION = YES;
				CLANG_WARN_OBJC_IMPLICIT_RETAIN_SELF = YES;
				CLANG_WARN_OBJC_LITERAL_CONVERSION = YES;
				CLANG_WARN_OBJC_ROOT_CLASS = YES_ERROR;
				CLANG_WARN_QUOTED_INCLUDE_IN_FRAMEWORK_HEADER = YES;
				CLANG_WARN_RANGE_LOOP_ANALYSIS = YES;
				CLANG_WARN_STRICT_PROTOTYPES = YES;
				CLANG_WARN_SUSPICIOUS_MOVE = YES;
				CLANG_WARN_UNGUARDED_AVAILABILITY = YES_AGGRESSIVE;
				CLANG_WARN_UNREACHABLE_CODE = YES;
				CLANG_WARN__DUPLICATE_METHOD_MATCH = YES;
				COPY_PHASE_STRIP = NO;
				DEBUG_INFORMATION_FORMAT = "dwarf-with-dsym";
				ENABLE_NS_ASSERTIONS = NO;
				ENABLE_STRICT_OBJC_MSGSEND = YES;
				GCC_C_LANGUAGE_STANDARD = gnu11;
				GCC_NO_COMMON_BLOCKS = YES;
				GCC_WARN_64_TO_32_BIT_CONVERSION = YES;
				GCC_WARN_ABOUT_RETURN_TYPE = YES_ERROR;
				GCC_WARN_UNDECLARED_SELECTOR = YES;
				GCC_WARN_UNINITIALIZED_AUTOS = YES_AGGRESSIVE;
				GCC_WARN_UNUSED_FUNCTION = YES;
				GCC_WARN_UNUSED_VARIABLE = YES;
				IPHONEOS_DEPLOYMENT_TARGET = 15.0;
				MTL_ENABLE_DEBUG_INFO = NO;
				MTL_FAST_MATH = YES;
				SDKROOT = iphoneos;
				SWIFT_COMPILATION_MODE = wholemodule;
				SWIFT_OPTIMIZATION_LEVEL = "-O";
				VALIDATE_PRODUCT = YES;
			};
			name = Release;
		};
		74C18E6827C196D800666E8E /* Debug */ = {
			isa = XCBuildConfiguration;
			buildSettings = {
				ASSETCATALOG_COMPILER_APPICON_NAME = AppIcon;
				ASSETCATALOG_COMPILER_GLOBAL_ACCENT_COLOR_NAME = AccentColor;
				CODE_SIGN_STYLE = Automatic;
				CURRENT_PROJECT_VERSION = 1;
				DEVELOPMENT_TEAM = 7X25AC3B3N;
				GENERATE_INFOPLIST_FILE = YES;
				INFOPLIST_FILE = QuickCalculator/Info.plist;
				INFOPLIST_KEY_UIApplicationSupportsIndirectInputEvents = YES;
				INFOPLIST_KEY_UILaunchStoryboardName = LaunchScreen;
				INFOPLIST_KEY_UIMainStoryboardFile = Main;
				INFOPLIST_KEY_UISupportedInterfaceOrientations_iPad = "UIInterfaceOrientationPortrait UIInterfaceOrientationPortraitUpsideDown UIInterfaceOrientationLandscapeLeft UIInterfaceOrientationLandscapeRight";
				INFOPLIST_KEY_UISupportedInterfaceOrientations_iPhone = "UIInterfaceOrientationPortrait UIInterfaceOrientationLandscapeLeft UIInterfaceOrientationLandscapeRight";
				LD_RUNPATH_SEARCH_PATHS = (
					"$(inherited)",
					"@executable_path/Frameworks",
				);
				MARKETING_VERSION = 1.0;
				PRODUCT_BUNDLE_IDENTIFIER = com.joeun.QuickCalculator;
				PRODUCT_NAME = "$(TARGET_NAME)";
				SWIFT_EMIT_LOC_STRINGS = YES;
				SWIFT_VERSION = 5.0;
				TARGETED_DEVICE_FAMILY = "1,2";
			};
			name = Debug;
		};
		74C18E6927C196D800666E8E /* Release */ = {
			isa = XCBuildConfiguration;
			buildSettings = {
				ASSETCATALOG_COMPILER_APPICON_NAME = AppIcon;
				ASSETCATALOG_COMPILER_GLOBAL_ACCENT_COLOR_NAME = AccentColor;
				CODE_SIGN_STYLE = Automatic;
				CURRENT_PROJECT_VERSION = 1;
				DEVELOPMENT_TEAM = 7X25AC3B3N;
				GENERATE_INFOPLIST_FILE = YES;
				INFOPLIST_FILE = QuickCalculator/Info.plist;
				INFOPLIST_KEY_UIApplicationSupportsIndirectInputEvents = YES;
				INFOPLIST_KEY_UILaunchStoryboardName = LaunchScreen;
				INFOPLIST_KEY_UIMainStoryboardFile = Main;
				INFOPLIST_KEY_UISupportedInterfaceOrientations_iPad = "UIInterfaceOrientationPortrait UIInterfaceOrientationPortraitUpsideDown UIInterfaceOrientationLandscapeLeft UIInterfaceOrientationLandscapeRight";
				INFOPLIST_KEY_UISupportedInterfaceOrientations_iPhone = "UIInterfaceOrientationPortrait UIInterfaceOrientationLandscapeLeft UIInterfaceOrientationLandscapeRight";
				LD_RUNPATH_SEARCH_PATHS = (
					"$(inherited)",
					"@executable_path/Frameworks",
				);
				MARKETING_VERSION = 1.0;
				PRODUCT_BUNDLE_IDENTIFIER = com.joeun.QuickCalculator;
				PRODUCT_NAME = "$(TARGET_NAME)";
				SWIFT_EMIT_LOC_STRINGS = YES;
				SWIFT_VERSION = 5.0;
				TARGETED_DEVICE_FAMILY = "1,2";
			};
			name = Release;
		};
		74C18E6B27C196D800666E8E /* Debug */ = {
			isa = XCBuildConfiguration;
			buildSettings = {
				ALWAYS_EMBED_SWIFT_STANDARD_LIBRARIES = YES;
				BUNDLE_LOADER = "$(TEST_HOST)";
				CODE_SIGN_STYLE = Automatic;
				CURRENT_PROJECT_VERSION = 1;
				DEVELOPMENT_TEAM = 7X25AC3B3N;
				GENERATE_INFOPLIST_FILE = YES;
				IPHONEOS_DEPLOYMENT_TARGET = 15.0;
				LD_RUNPATH_SEARCH_PATHS = (
					"$(inherited)",
					"@executable_path/Frameworks",
					"@loader_path/Frameworks",
				);
				MARKETING_VERSION = 1.0;
				PRODUCT_BUNDLE_IDENTIFIER = com.joeun.QuickCalculatorTests;
				PRODUCT_NAME = "$(TARGET_NAME)";
				SWIFT_EMIT_LOC_STRINGS = NO;
				SWIFT_VERSION = 5.0;
				TARGETED_DEVICE_FAMILY = "1,2";
				TEST_HOST = "$(BUILT_PRODUCTS_DIR)/QuickCalculator.app/QuickCalculator";
			};
			name = Debug;
		};
		74C18E6C27C196D800666E8E /* Release */ = {
			isa = XCBuildConfiguration;
			buildSettings = {
				ALWAYS_EMBED_SWIFT_STANDARD_LIBRARIES = YES;
				BUNDLE_LOADER = "$(TEST_HOST)";
				CODE_SIGN_STYLE = Automatic;
				CURRENT_PROJECT_VERSION = 1;
				DEVELOPMENT_TEAM = 7X25AC3B3N;
				GENERATE_INFOPLIST_FILE = YES;
				IPHONEOS_DEPLOYMENT_TARGET = 15.0;
				LD_RUNPATH_SEARCH_PATHS = (
					"$(inherited)",
					"@executable_path/Frameworks",
					"@loader_path/Frameworks",
				);
				MARKETING_VERSION = 1.0;
				PRODUCT_BUNDLE_IDENTIFIER = com.joeun.QuickCalculatorTests;
				PRODUCT_NAME = "$(TARGET_NAME)";
				SWIFT_EMIT_LOC_STRINGS = NO;
				SWIFT_VERSION = 5.0;
				TARGETED_DEVICE_FAMILY = "1,2";
				TEST_HOST = "$(BUILT_PRODUCTS_DIR)/QuickCalculator.app/QuickCalculator";
			};
			name = Release;
		};
		74C18E6E27C196D800666E8E /* Debug */ = {
			isa = XCBuildConfiguration;
			buildSettings = {
				ALWAYS_EMBED_SWIFT_STANDARD_LIBRARIES = YES;
				CODE_SIGN_STYLE = Automatic;
				CURRENT_PROJECT_VERSION = 1;
				DEVELOPMENT_TEAM = 7X25AC3B3N;
				GENERATE_INFOPLIST_FILE = YES;
				LD_RUNPATH_SEARCH_PATHS = (
					"$(inherited)",
					"@executable_path/Frameworks",
					"@loader_path/Frameworks",
				);
				MARKETING_VERSION = 1.0;
				PRODUCT_BUNDLE_IDENTIFIER = com.joeun.QuickCalculatorUITests;
				PRODUCT_NAME = "$(TARGET_NAME)";
				SWIFT_EMIT_LOC_STRINGS = NO;
				SWIFT_VERSION = 5.0;
				TARGETED_DEVICE_FAMILY = "1,2";
				TEST_TARGET_NAME = QuickCalculator;
			};
			name = Debug;
		};
		74C18E6F27C196D800666E8E /* Release */ = {
			isa = XCBuildConfiguration;
			buildSettings = {
				ALWAYS_EMBED_SWIFT_STANDARD_LIBRARIES = YES;
				CODE_SIGN_STYLE = Automatic;
				CURRENT_PROJECT_VERSION = 1;
				DEVELOPMENT_TEAM = 7X25AC3B3N;
				GENERATE_INFOPLIST_FILE = YES;
				LD_RUNPATH_SEARCH_PATHS = (
					"$(inherited)",
					"@executable_path/Frameworks",
					"@loader_path/Frameworks",
				);
				MARKETING_VERSION = 1.0;
				PRODUCT_BUNDLE_IDENTIFIER = com.joeun.QuickCalculatorUITests;
				PRODUCT_NAME = "$(TARGET_NAME)";
				SWIFT_EMIT_LOC_STRINGS = NO;
				SWIFT_VERSION = 5.0;
				TARGETED_DEVICE_FAMILY = "1,2";
				TEST_TARGET_NAME = QuickCalculator;
			};
			name = Release;
		};
/* End XCBuildConfiguration section */

/* Begin XCConfigurationList section */
		74C18E3827C196D600666E8E /* Build configuration list for PBXProject "QuickCalculator" */ = {
			isa = XCConfigurationList;
			buildConfigurations = (
				74C18E6527C196D800666E8E /* Debug */,
				74C18E6627C196D800666E8E /* Release */,
			);
			defaultConfigurationIsVisible = 0;
			defaultConfigurationName = Release;
		};
		74C18E6727C196D800666E8E /* Build configuration list for PBXNativeTarget "QuickCalculator" */ = {
			isa = XCConfigurationList;
			buildConfigurations = (
				74C18E6827C196D800666E8E /* Debug */,
				74C18E6927C196D800666E8E /* Release */,
			);
			defaultConfigurationIsVisible = 0;
			defaultConfigurationName = Release;
		};
		74C18E6A27C196D800666E8E /* Build configuration list for PBXNativeTarget "QuickCalculatorTests" */ = {
			isa = XCConfigurationList;
			buildConfigurations = (
				74C18E6B27C196D800666E8E /* Debug */,
				74C18E6C27C196D800666E8E /* Release */,
			);
			defaultConfigurationIsVisible = 0;
			defaultConfigurationName = Release;
		};
		74C18E6D27C196D800666E8E /* Build configuration list for PBXNativeTarget "QuickCalculatorUITests" */ = {
			isa = XCConfigurationList;
			buildConfigurations = (
				74C18E6E27C196D800666E8E /* Debug */,
				74C18E6F27C196D800666E8E /* Release */,
			);
			defaultConfigurationIsVisible = 0;
			defaultConfigurationName = Release;
		};
/* End XCConfigurationList section */
	};
	rootObject = 74C18E3527C196D600666E8E /* Project object */;
}
